
Microsoft Visual Studio Solution File, Format Version 12.00
# Visual Studio 15
VisualStudioVersion = 15.0.27130.2027
MinimumVisualStudioVersion = 10.0.40219.1
Project("{FAE04EC0-301F-11D3-BF4B-00C04F79EFBC}") = "MultiSagasOneEvent", "MultiSagasOneEvent\MultiSagasOneEvent.csproj", "{2A4E06F3-B38D-43B8-9932-CFF746F74299}"
EndProject
Project("{FAE04EC0-301F-11D3-BF4B-00C04F79EFBC}") = "Messages", "Messages\Messages.csproj", "{86AED2C9-FC1F-43F0-A99C-6CDFB6FEABD8}"
EndProject
Global
	GlobalSection(SolutionConfigurationPlatforms) = preSolution
		Debug|Any CPU = Debug|Any CPU
		Release|Any CPU = Release|Any CPU
	EndGlobalSection
	GlobalSection(ProjectConfigurationPlatforms) = postSolution
		{2A4E06F3-B38D-43B8-9932-CFF746F74299}.Debug|Any CPU.ActiveCfg = Debug|Any CPU
		{2A4E06F3-B38D-43B8-9932-CFF746F74299}.Debug|Any CPU.Build.0 = Debug|Any CPU
		{2A4E06F3-B38D-43B8-9932-CFF746F74299}.Release|Any CPU.ActiveCfg = Release|Any CPU
		{2A4E06F3-B38D-43B8-9932-CFF746F74299}.Release|Any CPU.Build.0 = Release|Any CPU
		{86AED2C9-FC1F-43F0-A99C-6CDFB6FEABD8}.Debug|Any CPU.ActiveCfg = Debug|Any CPU
		{86AED2C9-FC1F-43F0-A99C-6CDFB6FEABD8}.Debug|Any CPU.Build.0 = Debug|Any CPU
		{86AED2C9-FC1F-43F0-A99C-6CDFB6FEABD8}.Release|Any CPU.ActiveCfg = Release|Any CPU
		{86AED2C9-FC1F-43F0-A99C-6CDFB6FEABD8}.Release|Any CPU.Build.0 = Release|Any CPU
	EndGlobalSection
	GlobalSection(SolutionProperties) = preSolution
		HideSolutionNode = FALSE
	EndGlobalSection
	GlobalSection(ExtensibilityGlobals) = postSolution
		SolutionGuid = {5CC887B2-679E-48F1-A0E6-06823CE1CC62}
	EndGlobalSection
EndGlobal
